
Microsoft Visual Studio Solution File, Format Version 12.00
# Visual Studio Version 16
VisualStudioVersion = 16.0.34301.259
MinimumVisualStudioVersion = 10.0.40219.1
Project("{8BC9CEB8-8B4A-11D0-8D11-00A0C91BC942}") = "list(dynamic-prime)", "list(dynamic-prime).vcxproj", "{BE074394-48DD-44F3-8071-C9B72CD0D84F}"
EndProject
Global
	GlobalSection(SolutionConfigurationPlatforms) = preSolution
		Debug|x64 = Debug|x64
		Debug|x86 = Debug|x86
		Release|x64 = Release|x64
		Release|x86 = Release|x86
	EndGlobalSection
	GlobalSection(ProjectConfigurationPlatforms) = postSolution
		{BE074394-48DD-44F3-8071-C9B72CD0D84F}.Debug|x64.ActiveCfg = Debug|x64
		{BE074394-48DD-44F3-8071-C9B72CD0D84F}.Debug|x64.Build.0 = Debug|x64
		{BE074394-48DD-44F3-8071-C9B72CD0D84F}.Debug|x86.ActiveCfg = Debug|Win32
		{BE074394-48DD-44F3-8071-C9B72CD0D84F}.Debug|x86.Build.0 = Debug|Win32
		{BE074394-48DD-44F3-8071-C9B72CD0D84F}.Release|x64.ActiveCfg = Release|x64
		{BE074394-48DD-44F3-8071-C9B72CD0D84F}.Release|x64.Build.0 = Release|x64
		{BE074394-48DD-44F3-8071-C9B72CD0D84F}.Release|x86.ActiveCfg = Release|Win32
		{BE074394-48DD-44F3-8071-C9B72CD0D84F}.Release|x86.Build.0 = Release|Win32
	EndGlobalSection
	GlobalSection(SolutionProperties) = preSolution
		HideSolutionNode = FALSE
	EndGlobalSection
	GlobalSection(ExtensibilityGlobals) = postSolution
		SolutionGuid = {5B133A84-3D6E-45E3-A4BD-19995885CF7E}
	EndGlobalSection
EndGlobal
